{
  "requires": true,
  "lockfileVersion": 1,
  "dependencies": {
    "@jsplumb/community": {
      "version": "4.0.0-RC20",
      "resolved": "https://registry.npmjs.org/@jsplumb/community/-/community-4.0.0-RC20.tgz",
      "integrity": "sha512-6krfbwuwyLXG4AYXpPe/vCC6mTW9DD4Ow3pG0pxgxq9PC8ckDzznFBKGKbqd8tI8vsZaBil8ZJ5WKs5tEJy06g=="
    }
  }
}
